
Microsoft Visual Studio Solution File, Format Version 12.00
# Visual Studio Version 16
VisualStudioVersion = 16.0.28803.916
MinimumVisualStudioVersion = 10.0.40219.1
Project("{FAE04EC0-301F-11D3-BF4B-00C04F79EFBC}") = "TalentoBecario", "TalentoBecario\TalentoBecario.csproj", "{F92734E2-CB05-4404-A545-2DE11612BE33}"
EndProject
Global
	GlobalSection(SolutionConfigurationPlatforms) = preSolution
		Debug|Any CPU = Debug|Any CPU
		Release|Any CPU = Release|Any CPU
	EndGlobalSection
	GlobalSection(ProjectConfigurationPlatforms) = postSolution
		{F92734E2-CB05-4404-A545-2DE11612BE33}.Debug|Any CPU.ActiveCfg = Debug|Any CPU
		{F92734E2-CB05-4404-A545-2DE11612BE33}.Debug|Any CPU.Build.0 = Debug|Any CPU
		{F92734E2-CB05-4404-A545-2DE11612BE33}.Release|Any CPU.ActiveCfg = Release|Any CPU
		{F92734E2-CB05-4404-A545-2DE11612BE33}.Release|Any CPU.Build.0 = Release|Any CPU
	EndGlobalSection
	GlobalSection(SolutionProperties) = preSolution
		HideSolutionNode = FALSE
	EndGlobalSection
	GlobalSection(ExtensibilityGlobals) = postSolution
		SolutionGuid = {4D839757-9F2D-4439-A752-1327804D5E71}
	EndGlobalSection
EndGlobal
